
Microsoft Visual Studio Solution File, Format Version 12.00
# Visual Studio Version 16
VisualStudioVersion = 16.0.31005.135
MinimumVisualStudioVersion = 10.0.40219.1
Project("{9A19103F-16F7-4668-BE54-9A1E7A4F7556}") = "Client", "Client.csproj", "{0F26A025-3965-41E3-8285-CB3C04B9B4A2}"
EndProject
Global
	GlobalSection(SolutionConfigurationPlatforms) = preSolution
		Debug|Any CPU = Debug|Any CPU
		Release|Any CPU = Release|Any CPU
	EndGlobalSection
	GlobalSection(ProjectConfigurationPlatforms) = postSolution
		{0F26A025-3965-41E3-8285-CB3C04B9B4A2}.Debug|Any CPU.ActiveCfg = Debug|Any CPU
		{0F26A025-3965-41E3-8285-CB3C04B9B4A2}.Debug|Any CPU.Build.0 = Debug|Any CPU
		{0F26A025-3965-41E3-8285-CB3C04B9B4A2}.Release|Any CPU.ActiveCfg = Release|Any CPU
		{0F26A025-3965-41E3-8285-CB3C04B9B4A2}.Release|Any CPU.Build.0 = Release|Any CPU
	EndGlobalSection
	GlobalSection(SolutionProperties) = preSolution
		HideSolutionNode = FALSE
	EndGlobalSection
	GlobalSection(ExtensibilityGlobals) = postSolution
		SolutionGuid = {396A3A76-57C0-47D1-A05F-D713C1F32766}
	EndGlobalSection
EndGlobal
